
Microsoft Visual Studio Solution File, Format Version 12.00
# Visual Studio Version 17
VisualStudioVersion = 17.1.32328.378
MinimumVisualStudioVersion = 10.0.40219.1
Project("{2150E333-8FDC-42A3-9474-1A3956D46DE8}") = "Services", "Services", "{A915EC2C-D5FA-4C6D-9403-1B051AF09A22}"
EndProject
Project("{2150E333-8FDC-42A3-9474-1A3956D46DE8}") = "WebApps", "WebApps", "{F89415A7-1448-4192-B313-07D567C1B7A8}"
EndProject
Project("{2150E333-8FDC-42A3-9474-1A3956D46DE8}") = "Catalog", "Catalog", "{4873A4CB-7726-49F5-9B2D-A77509401A98}"
EndProject
Project("{2150E333-8FDC-42A3-9474-1A3956D46DE8}") = "Core", "Core", "{6E985184-9484-4F24-AF20-75541E60359A}"
EndProject
Project("{2150E333-8FDC-42A3-9474-1A3956D46DE8}") = "src", "src", "{D2597F00-1F6F-4A8A-BFA0-33C754238744}"
EndProject
Project("{2150E333-8FDC-42A3-9474-1A3956D46DE8}") = "test", "test", "{3D6EF0D7-B3CA-450E-8E2C-F629247A9F5D}"
EndProject
Project("{2150E333-8FDC-42A3-9474-1A3956D46DE8}") = "src", "src", "{90601D59-DE1B-474A-AFE0-22ED5BC80079}"
EndProject
Project("{2150E333-8FDC-42A3-9474-1A3956D46DE8}") = "test", "test", "{D6018261-D3C0-4510-9355-50B4570159A2}"
EndProject
Project("{2150E333-8FDC-42A3-9474-1A3956D46DE8}") = "src", "src", "{BAB72E96-F975-4A1A-86DF-F6F65B37AB40}"
EndProject
Project("{2150E333-8FDC-42A3-9474-1A3956D46DE8}") = "test", "test", "{9948FC93-67C3-4132-B389-278447D3BDA2}"
EndProject
Project("{9A19103F-16F7-4668-BE54-9A1E7A4F7556}") = "NerdStore.Core", "NerdStore.Core\NerdStore.Core.csproj", "{80779535-0DF2-4F60-8465-0199520E0B75}"
EndProject
Project("{9A19103F-16F7-4668-BE54-9A1E7A4F7556}") = "NerdStore.Core.Test", "NerdStore.Core.Test\NerdStore.Core.Test.csproj", "{941DCDEA-B402-4CED-A8A6-C3737AF0C316}"
EndProject
Project("{9A19103F-16F7-4668-BE54-9A1E7A4F7556}") = "NerdStore.Catalog.Domain", "NerdStore.Catalog.Domain\NerdStore.Catalog.Domain.csproj", "{EF7211F2-A248-453A-9A83-18F27B06E1B8}"
EndProject
Project("{9A19103F-16F7-4668-BE54-9A1E7A4F7556}") = "NerdStore.Catalog.Domain.Test", "NerdStore.Catalog.Domain.Test\NerdStore.Catalog.Domain.Test.csproj", "{32D8F5FE-FDD9-49BD-B1B5-CCCAD586106C}"
EndProject
Project("{FAE04EC0-301F-11D3-BF4B-00C04F79EFBC}") = "NerdStore.Catalog.App", "NerdStore.Catalog.App\NerdStore.Catalog.App.csproj", "{C04C5B51-FB23-4CE7-BE1C-F7A07D0E0DD1}"
EndProject
Project("{FAE04EC0-301F-11D3-BF4B-00C04F79EFBC}") = "NerdStore.Catalog.App.Test", "NerdStore.Catalog.App.Test\NerdStore.Catalog.App.Test.csproj", "{45578CBC-B026-402F-92E8-2C8304F1A680}"
EndProject
Global
	GlobalSection(SolutionConfigurationPlatforms) = preSolution
		Debug|Any CPU = Debug|Any CPU
		Release|Any CPU = Release|Any CPU
	EndGlobalSection
	GlobalSection(ProjectConfigurationPlatforms) = postSolution
		{80779535-0DF2-4F60-8465-0199520E0B75}.Debug|Any CPU.ActiveCfg = Debug|Any CPU
		{80779535-0DF2-4F60-8465-0199520E0B75}.Debug|Any CPU.Build.0 = Debug|Any CPU
		{80779535-0DF2-4F60-8465-0199520E0B75}.Release|Any CPU.ActiveCfg = Release|Any CPU
		{80779535-0DF2-4F60-8465-0199520E0B75}.Release|Any CPU.Build.0 = Release|Any CPU
		{941DCDEA-B402-4CED-A8A6-C3737AF0C316}.Debug|Any CPU.ActiveCfg = Debug|Any CPU
		{941DCDEA-B402-4CED-A8A6-C3737AF0C316}.Debug|Any CPU.Build.0 = Debug|Any CPU
		{941DCDEA-B402-4CED-A8A6-C3737AF0C316}.Release|Any CPU.ActiveCfg = Release|Any CPU
		{941DCDEA-B402-4CED-A8A6-C3737AF0C316}.Release|Any CPU.Build.0 = Release|Any CPU
		{EF7211F2-A248-453A-9A83-18F27B06E1B8}.Debug|Any CPU.ActiveCfg = Debug|Any CPU
		{EF7211F2-A248-453A-9A83-18F27B06E1B8}.Debug|Any CPU.Build.0 = Debug|Any CPU
		{EF7211F2-A248-453A-9A83-18F27B06E1B8}.Release|Any CPU.ActiveCfg = Release|Any CPU
		{EF7211F2-A248-453A-9A83-18F27B06E1B8}.Release|Any CPU.Build.0 = Release|Any CPU
		{32D8F5FE-FDD9-49BD-B1B5-CCCAD586106C}.Debug|Any CPU.ActiveCfg = Debug|Any CPU
		{32D8F5FE-FDD9-49BD-B1B5-CCCAD586106C}.Debug|Any CPU.Build.0 = Debug|Any CPU
		{32D8F5FE-FDD9-49BD-B1B5-CCCAD586106C}.Release|Any CPU.ActiveCfg = Release|Any CPU
		{32D8F5FE-FDD9-49BD-B1B5-CCCAD586106C}.Release|Any CPU.Build.0 = Release|Any CPU
		{C04C5B51-FB23-4CE7-BE1C-F7A07D0E0DD1}.Debug|Any CPU.ActiveCfg = Debug|Any CPU
		{C04C5B51-FB23-4CE7-BE1C-F7A07D0E0DD1}.Debug|Any CPU.Build.0 = Debug|Any CPU
		{C04C5B51-FB23-4CE7-BE1C-F7A07D0E0DD1}.Release|Any CPU.ActiveCfg = Release|Any CPU
		{C04C5B51-FB23-4CE7-BE1C-F7A07D0E0DD1}.Release|Any CPU.Build.0 = Release|Any CPU
		{45578CBC-B026-402F-92E8-2C8304F1A680}.Debug|Any CPU.ActiveCfg = Debug|Any CPU
		{45578CBC-B026-402F-92E8-2C8304F1A680}.Debug|Any CPU.Build.0 = Debug|Any CPU
		{45578CBC-B026-402F-92E8-2C8304F1A680}.Release|Any CPU.ActiveCfg = Release|Any CPU
		{45578CBC-B026-402F-92E8-2C8304F1A680}.Release|Any CPU.Build.0 = Release|Any CPU
	EndGlobalSection
	GlobalSection(SolutionProperties) = preSolution
		HideSolutionNode = FALSE
	EndGlobalSection
	GlobalSection(NestedProjects) = preSolution
		{4873A4CB-7726-49F5-9B2D-A77509401A98} = {A915EC2C-D5FA-4C6D-9403-1B051AF09A22}
		{6E985184-9484-4F24-AF20-75541E60359A} = {A915EC2C-D5FA-4C6D-9403-1B051AF09A22}
		{D2597F00-1F6F-4A8A-BFA0-33C754238744} = {4873A4CB-7726-49F5-9B2D-A77509401A98}
		{3D6EF0D7-B3CA-450E-8E2C-F629247A9F5D} = {4873A4CB-7726-49F5-9B2D-A77509401A98}
		{90601D59-DE1B-474A-AFE0-22ED5BC80079} = {6E985184-9484-4F24-AF20-75541E60359A}
		{D6018261-D3C0-4510-9355-50B4570159A2} = {6E985184-9484-4F24-AF20-75541E60359A}
		{BAB72E96-F975-4A1A-86DF-F6F65B37AB40} = {F89415A7-1448-4192-B313-07D567C1B7A8}
		{9948FC93-67C3-4132-B389-278447D3BDA2} = {F89415A7-1448-4192-B313-07D567C1B7A8}
		{80779535-0DF2-4F60-8465-0199520E0B75} = {90601D59-DE1B-474A-AFE0-22ED5BC80079}
		{941DCDEA-B402-4CED-A8A6-C3737AF0C316} = {D6018261-D3C0-4510-9355-50B4570159A2}
		{EF7211F2-A248-453A-9A83-18F27B06E1B8} = {D2597F00-1F6F-4A8A-BFA0-33C754238744}
		{32D8F5FE-FDD9-49BD-B1B5-CCCAD586106C} = {3D6EF0D7-B3CA-450E-8E2C-F629247A9F5D}
		{C04C5B51-FB23-4CE7-BE1C-F7A07D0E0DD1} = {D2597F00-1F6F-4A8A-BFA0-33C754238744}
		{45578CBC-B026-402F-92E8-2C8304F1A680} = {3D6EF0D7-B3CA-450E-8E2C-F629247A9F5D}
	EndGlobalSection
	GlobalSection(ExtensibilityGlobals) = postSolution
		SolutionGuid = {13202DE7-04CD-4313-8390-993BEF9D069E}
	EndGlobalSection
EndGlobal
